// !$*UTF8*$!
{
	archiveVersion = 1;
	classes = {
	};
	objectVersion = 46;
	objects = {

/* Begin PBXBuildFile section */
		F732A3AE1E7E8A59005650EE /* AppDelegate.swift in Sources */ = {isa = PBXBuildFile; fileRef = F732A3AD1E7E8A59005650EE /* AppDelegate.swift */; };
		F732A3B01E7E8A59005650EE /* LoginViewController.swift in Sources */ = {isa = PBXBuildFile; fileRef = F732A3AF1E7E8A59005650EE /* LoginViewController.swift */; };
		F732A3B31E7E8A59005650EE /* Main.storyboard in Resources */ = {isa = PBXBuildFile; fileRef = F732A3B11E7E8A59005650EE /* Main.storyboard */; };
		F732A3B61E7E8A59005650EE /* ShokuSuka_iOS.xcdatamodeld in Sources */ = {isa = PBXBuildFile; fileRef = F732A3B41E7E8A59005650EE /* ShokuSuka_iOS.xcdatamodeld */; };
		F732A3B81E7E8A59005650EE /* Assets.xcassets in Resources */ = {isa = PBXBuildFile; fileRef = F732A3B71E7E8A59005650EE /* Assets.xcassets */; };
		F732A3BB1E7E8A59005650EE /* LaunchScreen.storyboard in Resources */ = {isa = PBXBuildFile; fileRef = F732A3B91E7E8A59005650EE /* LaunchScreen.storyboard */; };
		F732A3C61E7E8A59005650EE /* ShokuSuka_iOSTests.swift in Sources */ = {isa = PBXBuildFile; fileRef = F732A3C51E7E8A59005650EE /* ShokuSuka_iOSTests.swift */; };
		F74DBDB41E7ECB4B006A0A2C /* HomeViewController.swift in Sources */ = {isa = PBXBuildFile; fileRef = F74DBDB31E7ECB4B006A0A2C /* HomeViewController.swift */; };
		F74DBDBA1E7ED0D8006A0A2C /* Home.xcassets in Resources */ = {isa = PBXBuildFile; fileRef = F74DBDB91E7ED0D8006A0A2C /* Home.xcassets */; };
		F74DBDBC1E7F4782006A0A2C /* UpdateViewController.swift in Sources */ = {isa = PBXBuildFile; fileRef = F74DBDBB1E7F4782006A0A2C /* UpdateViewController.swift */; };
		F74DBDBF1E7F4982006A0A2C /* UIColor.swift in Sources */ = {isa = PBXBuildFile; fileRef = F74DBDBE1E7F4982006A0A2C /* UIColor.swift */; };
		F74DBDC71E7F4BF7006A0A2C /* PostTableViewCell.swift in Sources */ = {isa = PBXBuildFile; fileRef = F74DBDC51E7F4BF7006A0A2C /* PostTableViewCell.swift */; };
		F74DBDC81E7F4BF7006A0A2C /* PostTableViewCell.xib in Resources */ = {isa = PBXBuildFile; fileRef = F74DBDC61E7F4BF7006A0A2C /* PostTableViewCell.xib */; };
		F74DBDCB1E7F5FEC006A0A2C /* User.swift in Sources */ = {isa = PBXBuildFile; fileRef = F74DBDCA1E7F5FEC006A0A2C /* User.swift */; };
		F74DBDCD1E7F6BD6006A0A2C /* PlaceHolderTextView.swift in Sources */ = {isa = PBXBuildFile; fileRef = F74DBDCC1E7F6BD6006A0A2C /* PlaceHolderTextView.swift */; };
		F7ADEE751E7E9C60004EE047 /* APIKit.framework in Frameworks */ = {isa = PBXBuildFile; fileRef = F7ADEE691E7E9C60004EE047 /* APIKit.framework */; };
		F7ADEE791E7E9C60004EE047 /* AWSS3.framework in Frameworks */ = {isa = PBXBuildFile; fileRef = F7ADEE6D1E7E9C60004EE047 /* AWSS3.framework */; };
		F7ADEE7A1E7E9C60004EE047 /* Decodable.framework in Frameworks */ = {isa = PBXBuildFile; fileRef = F7ADEE6E1E7E9C60004EE047 /* Decodable.framework */; };
		F7ADEE7B1E7E9C60004EE047 /* FBSDKCoreKit.framework in Frameworks */ = {isa = PBXBuildFile; fileRef = F7ADEE6F1E7E9C60004EE047 /* FBSDKCoreKit.framework */; };
		F7ADEE7C1E7E9C60004EE047 /* FBSDKLoginKit.framework in Frameworks */ = {isa = PBXBuildFile; fileRef = F7ADEE701E7E9C60004EE047 /* FBSDKLoginKit.framework */; };
		F7ADEE7E1E7E9C60004EE047 /* PINRemoteImage.framework in Frameworks */ = {isa = PBXBuildFile; fileRef = F7ADEE721E7E9C60004EE047 /* PINRemoteImage.framework */; };
		F7ADEE7F1E7E9C60004EE047 /* Realm.framework in Frameworks */ = {isa = PBXBuildFile; fileRef = F7ADEE731E7E9C60004EE047 /* Realm.framework */; };
		F7ADEE801E7E9C60004EE047 /* RealmSwift.framework in Frameworks */ = {isa = PBXBuildFile; fileRef = F7ADEE741E7E9C60004EE047 /* RealmSwift.framework */; };
		F7ADEE821E7E9C92004EE047 /* AWSSNS.framework in Frameworks */ = {isa = PBXBuildFile; fileRef = F7ADEE811E7E9C92004EE047 /* AWSSNS.framework */; };
		F7ADEE851E7E9D98004EE047 /* PKHUD.framework in Frameworks */ = {isa = PBXBuildFile; fileRef = F7ADEE841E7E9D98004EE047 /* PKHUD.framework */; };
		F7ADEE871E7EA961004EE047 /* AWSCore.framework in Frameworks */ = {isa = PBXBuildFile; fileRef = F7ADEE861E7EA961004EE047 /* AWSCore.framework */; };
		F7ADEE891E7EAB31004EE047 /* Result.framework in Frameworks */ = {isa = PBXBuildFile; fileRef = F7ADEE881E7EAB31004EE047 /* Result.framework */; };
		F7ADEE8B1E7EABA7004EE047 /* Bolts.framework in Frameworks */ = {isa = PBXBuildFile; fileRef = F7ADEE8A1E7EABA7004EE047 /* Bolts.framework */; };
		F7ADEE8C1E7EABE6004EE047 /* PINCache.framework in Frameworks */ = {isa = PBXBuildFile; fileRef = F7ADEE711E7E9C60004EE047 /* PINCache.framework */; };
/* End PBXBuildFile section */

/* Begin PBXContainerItemProxy section */
		F732A3C21E7E8A59005650EE /* PBXContainerItemProxy */ = {
			isa = PBXContainerItemProxy;
			containerPortal = F732A3A21E7E8A59005650EE /* Project object */;
			proxyType = 1;
			remoteGlobalIDString = F732A3A91E7E8A59005650EE;
			remoteInfo = "ShokuSuka-iOS";
		};
/* End PBXContainerItemProxy section */

/* Begin PBXFileReference section */
		F732A3AA1E7E8A59005650EE /* ShokuSuka-iOS.app */ = {isa = PBXFileReference; explicitFileType = wrapper.application; includeInIndex = 0; path = "ShokuSuka-iOS.app"; sourceTree = BUILT_PRODUCTS_DIR; };
		F732A3AD1E7E8A59005650EE /* AppDelegate.swift */ = {isa = PBXFileReference; lastKnownFileType = sourcecode.swift; path = AppDelegate.swift; sourceTree = "<group>"; };
		F732A3AF1E7E8A59005650EE /* LoginViewController.swift */ = {isa = PBXFileReference; lastKnownFileType = sourcecode.swift; path = LoginViewController.swift; sourceTree = "<group>"; };
		F732A3B21E7E8A59005650EE /* Base */ = {isa = PBXFileReference; lastKnownFileType = file.storyboard; name = Base; path = Base.lproj/Main.storyboard; sourceTree = "<group>"; };
		F732A3B51E7E8A59005650EE /* ShokuSuka_iOS.xcdatamodel */ = {isa = PBXFileReference; lastKnownFileType = wrapper.xcdatamodel; path = ShokuSuka_iOS.xcdatamodel; sourceTree = "<group>"; };
		F732A3B71E7E8A59005650EE /* Assets.xcassets */ = {isa = PBXFileReference; lastKnownFileType = folder.assetcatalog; path = Assets.xcassets; sourceTree = "<group>"; };
		F732A3BA1E7E8A59005650EE /* Base */ = {isa = PBXFileReference; lastKnownFileType = file.storyboard; name = Base; path = Base.lproj/LaunchScreen.storyboard; sourceTree = "<group>"; };
		F732A3BC1E7E8A59005650EE /* Info.plist */ = {isa = PBXFileReference; lastKnownFileType = text.plist.xml; path = Info.plist; sourceTree = "<group>"; };
		F732A3C11E7E8A59005650EE /* ShokuSuka-iOSTests.xctest */ = {isa = PBXFileReference; explicitFileType = wrapper.cfbundle; includeInIndex = 0; path = "ShokuSuka-iOSTests.xctest"; sourceTree = BUILT_PRODUCTS_DIR; };
		F732A3C51E7E8A59005650EE /* ShokuSuka_iOSTests.swift */ = {isa = PBXFileReference; lastKnownFileType = sourcecode.swift; path = ShokuSuka_iOSTests.swift; sourceTree = "<group>"; };
		F732A3C71E7E8A59005650EE /* Info.plist */ = {isa = PBXFileReference; lastKnownFileType = text.plist.xml; path = Info.plist; sourceTree = "<group>"; };
		F74DBDB31E7ECB4B006A0A2C /* HomeViewController.swift */ = {isa = PBXFileReference; fileEncoding = 4; lastKnownFileType = sourcecode.swift; path = HomeViewController.swift; sourceTree = "<group>"; };
		F74DBDB91E7ED0D8006A0A2C /* Home.xcassets */ = {isa = PBXFileReference; lastKnownFileType = folder.assetcatalog; path = Home.xcassets; sourceTree = "<group>"; };
		F74DBDBB1E7F4782006A0A2C /* UpdateViewController.swift */ = {isa = PBXFileReference; fileEncoding = 4; lastKnownFileType = sourcecode.swift; path = UpdateViewController.swift; sourceTree = "<group>"; };
		F74DBDBE1E7F4982006A0A2C /* UIColor.swift */ = {isa = PBXFileReference; fileEncoding = 4; lastKnownFileType = sourcecode.swift; path = UIColor.swift; sourceTree = "<group>"; };
		F74DBDC51E7F4BF7006A0A2C /* PostTableViewCell.swift */ = {isa = PBXFileReference; fileEncoding = 4; lastKnownFileType = sourcecode.swift; path = PostTableViewCell.swift; sourceTree = "<group>"; };
		F74DBDC61E7F4BF7006A0A2C /* PostTableViewCell.xib */ = {isa = PBXFileReference; fileEncoding = 4; lastKnownFileType = file.xib; path = PostTableViewCell.xib; sourceTree = "<group>"; };
		F74DBDCA1E7F5FEC006A0A2C /* User.swift */ = {isa = PBXFileReference; fileEncoding = 4; lastKnownFileType = sourcecode.swift; name = User.swift; path = "ShokuSuka-iOS/src/models/User.swift"; sourceTree = SOURCE_ROOT; };
		F74DBDCC1E7F6BD6006A0A2C /* PlaceHolderTextView.swift */ = {isa = PBXFileReference; fileEncoding = 4; lastKnownFileType = sourcecode.swift; path = PlaceHolderTextView.swift; sourceTree = "<group>"; };
		F7ADEE691E7E9C60004EE047 /* APIKit.framework */ = {isa = PBXFileReference; lastKnownFileType = wrapper.framework; name = APIKit.framework; path = Carthage/Build/iOS/APIKit.framework; sourceTree = "<group>"; };
		F7ADEE6D1E7E9C60004EE047 /* AWSS3.framework */ = {isa = PBXFileReference; lastKnownFileType = wrapper.framework; name = AWSS3.framework; path = Carthage/Build/iOS/AWSS3.framework; sourceTree = "<group>"; };
		F7ADEE6E1E7E9C60004EE047 /* Decodable.framework */ = {isa = PBXFileReference; lastKnownFileType = wrapper.framework; name = Decodable.framework; path = Carthage/Build/iOS/Decodable.framework; sourceTree = "<group>"; };
		F7ADEE6F1E7E9C60004EE047 /* FBSDKCoreKit.framework */ = {isa = PBXFileReference; lastKnownFileType = wrapper.framework; name = FBSDKCoreKit.framework; path = Carthage/Build/iOS/FBSDKCoreKit.framework; sourceTree = "<group>"; };
		F7ADEE701E7E9C60004EE047 /* FBSDKLoginKit.framework */ = {isa = PBXFileReference; lastKnownFileType = wrapper.framework; name = FBSDKLoginKit.framework; path = Carthage/Build/iOS/FBSDKLoginKit.framework; sourceTree = "<group>"; };
		F7ADEE711E7E9C60004EE047 /* PINCache.framework */ = {isa = PBXFileReference; lastKnownFileType = wrapper.framework; name = PINCache.framework; path = Carthage/Build/iOS/PINCache.framework; sourceTree = "<group>"; };
		F7ADEE721E7E9C60004EE047 /* PINRemoteImage.framework */ = {isa = PBXFileReference; lastKnownFileType = wrapper.framework; name = PINRemoteImage.framework; path = Carthage/Build/iOS/PINRemoteImage.framework; sourceTree = "<group>"; };
		F7ADEE731E7E9C60004EE047 /* Realm.framework */ = {isa = PBXFileReference; lastKnownFileType = wrapper.framework; name = Realm.framework; path = Carthage/Build/iOS/Realm.framework; sourceTree = "<group>"; };
		F7ADEE741E7E9C60004EE047 /* RealmSwift.framework */ = {isa = PBXFileReference; lastKnownFileType = wrapper.framework; name = RealmSwift.framework; path = Carthage/Build/iOS/RealmSwift.framework; sourceTree = "<group>"; };
		F7ADEE811E7E9C92004EE047 /* AWSSNS.framework */ = {isa = PBXFileReference; lastKnownFileType = wrapper.framework; name = AWSSNS.framework; path = Carthage/Build/iOS/AWSSNS.framework; sourceTree = "<group>"; };
		F7ADEE841E7E9D98004EE047 /* PKHUD.framework */ = {isa = PBXFileReference; lastKnownFileType = wrapper.framework; name = PKHUD.framework; path = Carthage/Build/iOS/PKHUD.framework; sourceTree = "<group>"; };
		F7ADEE861E7EA961004EE047 /* AWSCore.framework */ = {isa = PBXFileReference; lastKnownFileType = wrapper.framework; name = AWSCore.framework; path = Carthage/Build/iOS/AWSCore.framework; sourceTree = "<group>"; };
		F7ADEE881E7EAB31004EE047 /* Result.framework */ = {isa = PBXFileReference; lastKnownFileType = wrapper.framework; name = Result.framework; path = Carthage/Build/iOS/Result.framework; sourceTree = "<group>"; };
		F7ADEE8A1E7EABA7004EE047 /* Bolts.framework */ = {isa = PBXFileReference; lastKnownFileType = wrapper.framework; name = Bolts.framework; path = Carthage/Build/iOS/Bolts.framework; sourceTree = "<group>"; };
/* End PBXFileReference section */

/* Begin PBXFrameworksBuildPhase section */
		F732A3A71E7E8A59005650EE /* Frameworks */ = {
			isa = PBXFrameworksBuildPhase;
			buildActionMask = 2147483647;
			files = (
				F7ADEE8C1E7EABE6004EE047 /* PINCache.framework in Frameworks */,
				F7ADEE8B1E7EABA7004EE047 /* Bolts.framework in Frameworks */,
				F7ADEE891E7EAB31004EE047 /* Result.framework in Frameworks */,
				F7ADEE751E7E9C60004EE047 /* APIKit.framework in Frameworks */,
				F7ADEE871E7EA961004EE047 /* AWSCore.framework in Frameworks */,
				F7ADEE851E7E9D98004EE047 /* PKHUD.framework in Frameworks */,
				F7ADEE821E7E9C92004EE047 /* AWSSNS.framework in Frameworks */,
				F7ADEE791E7E9C60004EE047 /* AWSS3.framework in Frameworks */,
				F7ADEE7A1E7E9C60004EE047 /* Decodable.framework in Frameworks */,
				F7ADEE7B1E7E9C60004EE047 /* FBSDKCoreKit.framework in Frameworks */,
				F7ADEE7C1E7E9C60004EE047 /* FBSDKLoginKit.framework in Frameworks */,
				F7ADEE7E1E7E9C60004EE047 /* PINRemoteImage.framework in Frameworks */,
				F7ADEE7F1E7E9C60004EE047 /* Realm.framework in Frameworks */,
				F7ADEE801E7E9C60004EE047 /* RealmSwift.framework in Frameworks */,
			);
			runOnlyForDeploymentPostprocessing = 0;
		};
		F732A3BE1E7E8A59005650EE /* Frameworks */ = {
			isa = PBXFrameworksBuildPhase;
			buildActionMask = 2147483647;
			files = (
			);
			runOnlyForDeploymentPostprocessing = 0;
		};
/* End PBXFrameworksBuildPhase section */

/* Begin PBXGroup section */
		F732A3A11E7E8A59005650EE = {
			isa = PBXGroup;
			children = (
				F7ADEE681E7E9C5F004EE047 /* Frameworks */,
				F732A3AB1E7E8A59005650EE /* Products */,
				F732A3AC1E7E8A59005650EE /* ShokuSuka-iOS */,
				F732A3C41E7E8A59005650EE /* ShokuSuka-iOSTests */,
			);
			sourceTree = "<group>";
		};
		F732A3AB1E7E8A59005650EE /* Products */ = {
			isa = PBXGroup;
			children = (
				F732A3AA1E7E8A59005650EE /* ShokuSuka-iOS.app */,
				F732A3C11E7E8A59005650EE /* ShokuSuka-iOSTests.xctest */,
			);
			name = Products;
			sourceTree = "<group>";
		};
		F732A3AC1E7E8A59005650EE /* ShokuSuka-iOS */ = {
			isa = PBXGroup;
			children = (
				F74DBDB51E7ECD56006A0A2C /* assets */,
				F74DBDB61E7ECD5D006A0A2C /* src */,
				F74DBDC91E7F5FBD006A0A2C /* models */,
				F74DBDB71E7ECD64006A0A2C /* storyboards */,
				F732A3AD1E7E8A59005650EE /* AppDelegate.swift */,
				F732A3BC1E7E8A59005650EE /* Info.plist */,
				F732A3B91E7E8A59005650EE /* LaunchScreen.storyboard */,
				F732A3B41E7E8A59005650EE /* ShokuSuka_iOS.xcdatamodeld */,
			);
			path = "ShokuSuka-iOS";
			sourceTree = "<group>";
		};
		F732A3C41E7E8A59005650EE /* ShokuSuka-iOSTests */ = {
			isa = PBXGroup;
			children = (
				F732A3C71E7E8A59005650EE /* Info.plist */,
				F732A3C51E7E8A59005650EE /* ShokuSuka_iOSTests.swift */,
			);
			path = "ShokuSuka-iOSTests";
			sourceTree = "<group>";
		};
		F74DBDB51E7ECD56006A0A2C /* assets */ = {
			isa = PBXGroup;
			children = (
				F732A3B71E7E8A59005650EE /* Assets.xcassets */,
				F74DBDB91E7ED0D8006A0A2C /* Home.xcassets */,
			);
			path = assets;
			sourceTree = "<group>";
		};
		F74DBDB61E7ECD5D006A0A2C /* src */ = {
			isa = PBXGroup;
			children = (
				F74DBDC11E7F4BB6006A0A2C /* commons */,
				F74DBDB81E7ECDBC006A0A2C /* controllers */,
				F74DBDC01E7F4B44006A0A2C /* views */,
			);
			path = src;
			sourceTree = "<group>";
		};
		F74DBDB71E7ECD64006A0A2C /* storyboards */ = {
			isa = PBXGroup;
			children = (
				F732A3B11E7E8A59005650EE /* Main.storyboard */,
			);
			path = storyboards;
			sourceTree = "<group>";
		};
		F74DBDB81E7ECDBC006A0A2C /* controllers */ = {
			isa = PBXGroup;
			children = (
				F74DBDB31E7ECB4B006A0A2C /* HomeViewController.swift */,
				F732A3AF1E7E8A59005650EE /* LoginViewController.swift */,
				F74DBDBB1E7F4782006A0A2C /* UpdateViewController.swift */,
			);
			path = controllers;
			sourceTree = "<group>";
		};
		F74DBDBD1E7F4967006A0A2C /* extensions */ = {
			isa = PBXGroup;
			children = (
				F74DBDBE1E7F4982006A0A2C /* UIColor.swift */,
			);
			path = extensions;
			sourceTree = "<group>";
		};
		F74DBDC01E7F4B44006A0A2C /* views */ = {
			isa = PBXGroup;
			children = (
				F74DBDCC1E7F6BD6006A0A2C /* PlaceHolderTextView.swift */,
				F74DBDC51E7F4BF7006A0A2C /* PostTableViewCell.swift */,
				F74DBDC61E7F4BF7006A0A2C /* PostTableViewCell.xib */,
			);
			path = views;
			sourceTree = "<group>";
		};
		F74DBDC11E7F4BB6006A0A2C /* commons */ = {
			isa = PBXGroup;
			children = (
				F74DBDBD1E7F4967006A0A2C /* extensions */,
			);
			path = commons;
			sourceTree = "<group>";
		};
		F74DBDC91E7F5FBD006A0A2C /* models */ = {
			isa = PBXGroup;
			children = (
				F74DBDCA1E7F5FEC006A0A2C /* User.swift */,
			);
			name = models;
			path = src/views;
			sourceTree = "<group>";
		};
		F7ADEE681E7E9C5F004EE047 /* Frameworks */ = {
			isa = PBXGroup;
			children = (
				F7ADEE8A1E7EABA7004EE047 /* Bolts.framework */,
				F7ADEE881E7EAB31004EE047 /* Result.framework */,
				F7ADEE861E7EA961004EE047 /* AWSCore.framework */,
				F7ADEE841E7E9D98004EE047 /* PKHUD.framework */,
				F7ADEE811E7E9C92004EE047 /* AWSSNS.framework */,
				F7ADEE691E7E9C60004EE047 /* APIKit.framework */,
				F7ADEE6D1E7E9C60004EE047 /* AWSS3.framework */,
				F7ADEE6E1E7E9C60004EE047 /* Decodable.framework */,
				F7ADEE6F1E7E9C60004EE047 /* FBSDKCoreKit.framework */,
				F7ADEE701E7E9C60004EE047 /* FBSDKLoginKit.framework */,
				F7ADEE711E7E9C60004EE047 /* PINCache.framework */,
				F7ADEE721E7E9C60004EE047 /* PINRemoteImage.framework */,
				F7ADEE731E7E9C60004EE047 /* Realm.framework */,
				F7ADEE741E7E9C60004EE047 /* RealmSwift.framework */,
			);
			name = Frameworks;
			sourceTree = "<group>";
		};
/* End PBXGroup section */

/* Begin PBXNativeTarget section */
		F732A3A91E7E8A59005650EE /* ShokuSuka-iOS */ = {
			isa = PBXNativeTarget;
			buildConfigurationList = F732A3CA1E7E8A59005650EE /* Build configuration list for PBXNativeTarget "ShokuSuka-iOS" */;
			buildPhases = (
				F732A3A61E7E8A59005650EE /* Sources */,
				F732A3A71E7E8A59005650EE /* Frameworks */,
				F732A3A81E7E8A59005650EE /* Resources */,
				F7ADEE831E7E9D02004EE047 /* ShellScript */,
			);
			buildRules = (
			);
			dependencies = (
			);
			name = "ShokuSuka-iOS";
			productName = "ShokuSuka-iOS";
			productReference = F732A3AA1E7E8A59005650EE /* ShokuSuka-iOS.app */;
			productType = "com.apple.product-type.application";
		};
		F732A3C01E7E8A59005650EE /* ShokuSuka-iOSTests */ = {
			isa = PBXNativeTarget;
			buildConfigurationList = F732A3CD1E7E8A59005650EE /* Build configuration list for PBXNativeTarget "ShokuSuka-iOSTests" */;
			buildPhases = (
				F732A3BD1E7E8A59005650EE /* Sources */,
				F732A3BE1E7E8A59005650EE /* Frameworks */,
				F732A3BF1E7E8A59005650EE /* Resources */,
			);
			buildRules = (
			);
			dependencies = (
				F732A3C31E7E8A59005650EE /* PBXTargetDependency */,
			);
			name = "ShokuSuka-iOSTests";
			productName = "ShokuSuka-iOSTests";
			productReference = F732A3C11E7E8A59005650EE /* ShokuSuka-iOSTests.xctest */;
			productType = "com.apple.product-type.bundle.unit-test";
		};
/* End PBXNativeTarget section */

/* Begin PBXProject section */
		F732A3A21E7E8A59005650EE /* Project object */ = {
			isa = PBXProject;
			attributes = {
				LastSwiftUpdateCheck = 0820;
				LastUpgradeCheck = 0820;
				ORGANIZATIONNAME = "Atsuya Sato";
				TargetAttributes = {
					F732A3A91E7E8A59005650EE = {
						CreatedOnToolsVersion = 8.2.1;
						DevelopmentTeam = DEQGLB9PU4;
						ProvisioningStyle = Automatic;
					};
					F732A3C01E7E8A59005650EE = {
						CreatedOnToolsVersion = 8.2.1;
						DevelopmentTeam = DEQGLB9PU4;
						ProvisioningStyle = Automatic;
						TestTargetID = F732A3A91E7E8A59005650EE;
					};
				};
			};
			buildConfigurationList = F732A3A51E7E8A59005650EE /* Build configuration list for PBXProject "ShokuSuka-iOS" */;
			compatibilityVersion = "Xcode 3.2";
			developmentRegion = English;
			hasScannedForEncodings = 0;
			knownRegions = (
				en,
				Base,
			);
			mainGroup = F732A3A11E7E8A59005650EE;
			productRefGroup = F732A3AB1E7E8A59005650EE /* Products */;
			projectDirPath = "";
			projectRoot = "";
			targets = (
				F732A3A91E7E8A59005650EE /* ShokuSuka-iOS */,
				F732A3C01E7E8A59005650EE /* ShokuSuka-iOSTests */,
			);
		};
/* End PBXProject section */

/* Begin PBXResourcesBuildPhase section */
		F732A3A81E7E8A59005650EE /* Resources */ = {
			isa = PBXResourcesBuildPhase;
			buildActionMask = 2147483647;
			files = (
				F732A3BB1E7E8A59005650EE /* LaunchScreen.storyboard in Resources */,
				F74DBDC81E7F4BF7006A0A2C /* PostTableViewCell.xib in Resources */,
				F732A3B81E7E8A59005650EE /* Assets.xcassets in Resources */,
				F74DBDBA1E7ED0D8006A0A2C /* Home.xcassets in Resources */,
				F732A3B31E7E8A59005650EE /* Main.storyboard in Resources */,
			);
			runOnlyForDeploymentPostprocessing = 0;
		};
		F732A3BF1E7E8A59005650EE /* Resources */ = {
			isa = PBXResourcesBuildPhase;
			buildActionMask = 2147483647;
			files = (
			);
			runOnlyForDeploymentPostprocessing = 0;
		};
/* End PBXResourcesBuildPhase section */

/* Begin PBXShellScriptBuildPhase section */
		F7ADEE831E7E9D02004EE047 /* ShellScript */ = {
			isa = PBXShellScriptBuildPhase;
			buildActionMask = 2147483647;
			files = (
			);
			inputPaths = (
				"$(SRCROOT)/Carthage/Build/iOS/PKHUD.framework",
				"$(SRCROOT)/Carthage/Build/iOS/APIKit.framework",
				"$(SRCROOT)/Carthage/Build/iOS/AWSSNS.framework",
				"$(SRCROOT)/Carthage/Build/iOS/AWSS3.framework",
				"$(SRCROOT)/Carthage/Build/iOS/Decodable.framework",
				"$(SRCROOT)/Carthage/Build/iOS/PINRemoteImage.framework",
				"$(SRCROOT)/Carthage/Build/iOS/Realm.framework",
				"$(SRCROOT)/Carthage/Build/iOS/RealmSwift.framework",
				"$(SRCROOT)/Carthage/Build/iOS/FBSDKCoreKit.framework",
				"$(SRCROOT)/Carthage/Build/iOS/FBSDKLoginKit.framework",
				"$(SRCROOT)/Carthage/Build/iOS/AWSCore.framework",
				"$(SRCROOT)/Carthage/Build/iOS/Result.framework",
				"$(SRCROOT)/Carthage/Build/iOS/Bolts.framework",
				"$(SRCROOT)/Carthage/Build/iOS/PINCache.framework",
			);
			outputPaths = (
			);
			runOnlyForDeploymentPostprocessing = 0;
			shellPath = /bin/sh;
			shellScript = "/usr/local/bin/carthage copy-frameworks";
		};
/* End PBXShellScriptBuildPhase section */

/* Begin PBXSourcesBuildPhase section */
		F732A3A61E7E8A59005650EE /* Sources */ = {
			isa = PBXSourcesBuildPhase;
			buildActionMask = 2147483647;
			files = (
				F732A3B61E7E8A59005650EE /* ShokuSuka_iOS.xcdatamodeld in Sources */,
				F74DBDBF1E7F4982006A0A2C /* UIColor.swift in Sources */,
				F74DBDC71E7F4BF7006A0A2C /* PostTableViewCell.swift in Sources */,
				F732A3B01E7E8A59005650EE /* LoginViewController.swift in Sources */,
				F74DBDCB1E7F5FEC006A0A2C /* User.swift in Sources */,
				F732A3AE1E7E8A59005650EE /* AppDelegate.swift in Sources */,
				F74DBDB41E7ECB4B006A0A2C /* HomeViewController.swift in Sources */,
				F74DBDCD1E7F6BD6006A0A2C /* PlaceHolderTextView.swift in Sources */,
				F74DBDBC1E7F4782006A0A2C /* UpdateViewController.swift in Sources */,
			);
			runOnlyForDeploymentPostprocessing = 0;
		};
		F732A3BD1E7E8A59005650EE /* Sources */ = {
			isa = PBXSourcesBuildPhase;
			buildActionMask = 2147483647;
			files = (
				F732A3C61E7E8A59005650EE /* ShokuSuka_iOSTests.swift in Sources */,
			);
			runOnlyForDeploymentPostprocessing = 0;
		};
/* End PBXSourcesBuildPhase section */

/* Begin PBXTargetDependency section */
		F732A3C31E7E8A59005650EE /* PBXTargetDependency */ = {
			isa = PBXTargetDependency;
			target = F732A3A91E7E8A59005650EE /* ShokuSuka-iOS */;
			targetProxy = F732A3C21E7E8A59005650EE /* PBXContainerItemProxy */;
		};
/* End PBXTargetDependency section */

/* Begin PBXVariantGroup section */
		F732A3B11E7E8A59005650EE /* Main.storyboard */ = {
			isa = PBXVariantGroup;
			children = (
				F732A3B21E7E8A59005650EE /* Base */,
			);
			name = Main.storyboard;
			path = .;
			sourceTree = "<group>";
		};
		F732A3B91E7E8A59005650EE /* LaunchScreen.storyboard */ = {
			isa = PBXVariantGroup;
			children = (
				F732A3BA1E7E8A59005650EE /* Base */,
			);
			name = LaunchScreen.storyboard;
			path = .;
			sourceTree = "<group>";
		};
/* End PBXVariantGroup section */

/* Begin XCBuildConfiguration section */
		F732A3C81E7E8A59005650EE /* Debug */ = {
			isa = XCBuildConfiguration;
			buildSettings = {
				ALWAYS_SEARCH_USER_PATHS = NO;
				CLANG_ANALYZER_NONNULL = YES;
				CLANG_CXX_LANGUAGE_STANDARD = "gnu++0x";
				CLANG_CXX_LIBRARY = "libc++";
				CLANG_ENABLE_MODULES = YES;
				CLANG_ENABLE_OBJC_ARC = YES;
				CLANG_WARN_BOOL_CONVERSION = YES;
				CLANG_WARN_CONSTANT_CONVERSION = YES;
				CLANG_WARN_DIRECT_OBJC_ISA_USAGE = YES_ERROR;
				CLANG_WARN_DOCUMENTATION_COMMENTS = YES;
				CLANG_WARN_EMPTY_BODY = YES;
				CLANG_WARN_ENUM_CONVERSION = YES;
				CLANG_WARN_INFINITE_RECURSION = YES;
				CLANG_WARN_INT_CONVERSION = YES;
				CLANG_WARN_OBJC_ROOT_CLASS = YES_ERROR;
				CLANG_WARN_SUSPICIOUS_MOVE = YES;
				CLANG_WARN_UNREACHABLE_CODE = YES;
				CLANG_WARN__DUPLICATE_METHOD_MATCH = YES;
				"CODE_SIGN_IDENTITY[sdk=iphoneos*]" = "iPhone Developer";
				COPY_PHASE_STRIP = NO;
				DEBUG_INFORMATION_FORMAT = dwarf;
				ENABLE_STRICT_OBJC_MSGSEND = YES;
				ENABLE_TESTABILITY = YES;
				GCC_C_LANGUAGE_STANDARD = gnu99;
				GCC_DYNAMIC_NO_PIC = NO;
				GCC_NO_COMMON_BLOCKS = YES;
				GCC_OPTIMIZATION_LEVEL = 0;
				GCC_PREPROCESSOR_DEFINITIONS = (
					"DEBUG=1",
					"$(inherited)",
				);
				GCC_WARN_64_TO_32_BIT_CONVERSION = YES;
				GCC_WARN_ABOUT_RETURN_TYPE = YES_ERROR;
				GCC_WARN_UNDECLARED_SELECTOR = YES;
				GCC_WARN_UNINITIALIZED_AUTOS = YES_AGGRESSIVE;
				GCC_WARN_UNUSED_FUNCTION = YES;
				GCC_WARN_UNUSED_VARIABLE = YES;
				IPHONEOS_DEPLOYMENT_TARGET = 10.2;
				MTL_ENABLE_DEBUG_INFO = YES;
				ONLY_ACTIVE_ARCH = YES;
				SDKROOT = iphoneos;
				SWIFT_ACTIVE_COMPILATION_CONDITIONS = DEBUG;
				SWIFT_OPTIMIZATION_LEVEL = "-Onone";
			};
			name = Debug;
		};
		F732A3C91E7E8A59005650EE /* Release */ = {
			isa = XCBuildConfiguration;
			buildSettings = {
				ALWAYS_SEARCH_USER_PATHS = NO;
				CLANG_ANALYZER_NONNULL = YES;
				CLANG_CXX_LANGUAGE_STANDARD = "gnu++0x";
				CLANG_CXX_LIBRARY = "libc++";
				CLANG_ENABLE_MODULES = YES;
				CLANG_ENABLE_OBJC_ARC = YES;
				CLANG_WARN_BOOL_CONVERSION = YES;
				CLANG_WARN_CONSTANT_CONVERSION = YES;
				CLANG_WARN_DIRECT_OBJC_ISA_USAGE = YES_ERROR;
				CLANG_WARN_DOCUMENTATION_COMMENTS = YES;
				CLANG_WARN_EMPTY_BODY = YES;
				CLANG_WARN_ENUM_CONVERSION = YES;
				CLANG_WARN_INFINITE_RECURSION = YES;
				CLANG_WARN_INT_CONVERSION = YES;
				CLANG_WARN_OBJC_ROOT_CLASS = YES_ERROR;
				CLANG_WARN_SUSPICIOUS_MOVE = YES;
				CLANG_WARN_UNREACHABLE_CODE = YES;
				CLANG_WARN__DUPLICATE_METHOD_MATCH = YES;
				"CODE_SIGN_IDENTITY[sdk=iphoneos*]" = "iPhone Developer";
				COPY_PHASE_STRIP = NO;
				DEBUG_INFORMATION_FORMAT = "dwarf-with-dsym";
				ENABLE_NS_ASSERTIONS = NO;
				ENABLE_STRICT_OBJC_MSGSEND = YES;
				GCC_C_LANGUAGE_STANDARD = gnu99;
				GCC_NO_COMMON_BLOCKS = YES;
				GCC_WARN_64_TO_32_BIT_CONVERSION = YES;
				GCC_WARN_ABOUT_RETURN_TYPE = YES_ERROR;
				GCC_WARN_UNDECLARED_SELECTOR = YES;
				GCC_WARN_UNINITIALIZED_AUTOS = YES_AGGRESSIVE;
				GCC_WARN_UNUSED_FUNCTION = YES;
				GCC_WARN_UNUSED_VARIABLE = YES;
				IPHONEOS_DEPLOYMENT_TARGET = 10.2;
				MTL_ENABLE_DEBUG_INFO = NO;
				SDKROOT = iphoneos;
				SWIFT_OPTIMIZATION_LEVEL = "-Owholemodule";
				VALIDATE_PRODUCT = YES;
			};
			name = Release;
		};
		F732A3CB1E7E8A59005650EE /* Debug */ = {
			isa = XCBuildConfiguration;
			buildSettings = {
				ASSETCATALOG_COMPILER_APPICON_NAME = AppIcon;
				DEVELOPMENT_TEAM = DEQGLB9PU4;
				FRAMEWORK_SEARCH_PATHS = (
					"$(inherited)",
					"$(PROJECT_DIR)/Carthage/Build/iOS",
				);
				INFOPLIST_FILE = "ShokuSuka-iOS/Info.plist";
				LD_RUNPATH_SEARCH_PATHS = "$(inherited) @executable_path/Frameworks";
				PRODUCT_BUNDLE_IDENTIFIER = "io.github.natmark.ShokuSuka-iOS";
				PRODUCT_NAME = "$(TARGET_NAME)";
				SWIFT_VERSION = 3.0;
			};
			name = Debug;
		};
		F732A3CC1E7E8A59005650EE /* Release */ = {
			isa = XCBuildConfiguration;
			buildSettings = {
				ASSETCATALOG_COMPILER_APPICON_NAME = AppIcon;
				DEVELOPMENT_TEAM = DEQGLB9PU4;
				FRAMEWORK_SEARCH_PATHS = (
					"$(inherited)",
					"$(PROJECT_DIR)/Carthage/Build/iOS",
				);
				INFOPLIST_FILE = "ShokuSuka-iOS/Info.plist";
				LD_RUNPATH_SEARCH_PATHS = "$(inherited) @executable_path/Frameworks";
				PRODUCT_BUNDLE_IDENTIFIER = "io.github.natmark.ShokuSuka-iOS";
				PRODUCT_NAME = "$(TARGET_NAME)";
				SWIFT_VERSION = 3.0;
			};
			name = Release;
		};
		F732A3CE1E7E8A59005650EE /* Debug */ = {
			isa = XCBuildConfiguration;
			buildSettings = {
				ALWAYS_EMBED_SWIFT_STANDARD_LIBRARIES = YES;
				BUNDLE_LOADER = "$(TEST_HOST)";
				DEVELOPMENT_TEAM = DEQGLB9PU4;
				INFOPLIST_FILE = "ShokuSuka-iOSTests/Info.plist";
				LD_RUNPATH_SEARCH_PATHS = "$(inherited) @executable_path/Frameworks @loader_path/Frameworks";
				PRODUCT_BUNDLE_IDENTIFIER = "io.github.natmark.ShokuSuka-iOSTests";
				PRODUCT_NAME = "$(TARGET_NAME)";
				SWIFT_VERSION = 3.0;
				TEST_HOST = "$(BUILT_PRODUCTS_DIR)/ShokuSuka-iOS.app/ShokuSuka-iOS";
			};
			name = Debug;
		};
		F732A3CF1E7E8A59005650EE /* Release */ = {
			isa = XCBuildConfiguration;
			buildSettings = {
				ALWAYS_EMBED_SWIFT_STANDARD_LIBRARIES = YES;
				BUNDLE_LOADER = "$(TEST_HOST)";
				DEVELOPMENT_TEAM = DEQGLB9PU4;
				INFOPLIST_FILE = "ShokuSuka-iOSTests/Info.plist";
				LD_RUNPATH_SEARCH_PATHS = "$(inherited) @executable_path/Frameworks @loader_path/Frameworks";
				PRODUCT_BUNDLE_IDENTIFIER = "io.github.natmark.ShokuSuka-iOSTests";
				PRODUCT_NAME = "$(TARGET_NAME)";
				SWIFT_VERSION = 3.0;
				TEST_HOST = "$(BUILT_PRODUCTS_DIR)/ShokuSuka-iOS.app/ShokuSuka-iOS";
			};
			name = Release;
		};
/* End XCBuildConfiguration section */

/* Begin XCConfigurationList section */
		F732A3A51E7E8A59005650EE /* Build configuration list for PBXProject "ShokuSuka-iOS" */ = {
			isa = XCConfigurationList;
			buildConfigurations = (
				F732A3C81E7E8A59005650EE /* Debug */,
				F732A3C91E7E8A59005650EE /* Release */,
			);
			defaultConfigurationIsVisible = 0;
			defaultConfigurationName = Release;
		};
		F732A3CA1E7E8A59005650EE /* Build configuration list for PBXNativeTarget "ShokuSuka-iOS" */ = {
			isa = XCConfigurationList;
			buildConfigurations = (
				F732A3CB1E7E8A59005650EE /* Debug */,
				F732A3CC1E7E8A59005650EE /* Release */,
			);
			defaultConfigurationIsVisible = 0;
			defaultConfigurationName = Release;
		};
		F732A3CD1E7E8A59005650EE /* Build configuration list for PBXNativeTarget "ShokuSuka-iOSTests" */ = {
			isa = XCConfigurationList;
			buildConfigurations = (
				F732A3CE1E7E8A59005650EE /* Debug */,
				F732A3CF1E7E8A59005650EE /* Release */,
			);
			defaultConfigurationIsVisible = 0;
			defaultConfigurationName = Release;
		};
/* End XCConfigurationList section */

/* Begin XCVersionGroup section */
		F732A3B41E7E8A59005650EE /* ShokuSuka_iOS.xcdatamodeld */ = {
			isa = XCVersionGroup;
			children = (
				F732A3B51E7E8A59005650EE /* ShokuSuka_iOS.xcdatamodel */,
			);
			currentVersion = F732A3B51E7E8A59005650EE /* ShokuSuka_iOS.xcdatamodel */;
			path = ShokuSuka_iOS.xcdatamodeld;
			sourceTree = "<group>";
			versionGroupType = wrapper.xcdatamodel;
		};
/* End XCVersionGroup section */
	};
	rootObject = F732A3A21E7E8A59005650EE /* Project object */;
}
